// !$*UTF8*$!
{
	archiveVersion = 1;
	classes = {
	};
	objectVersion = 60;
	objects = {

/* Begin PBXBuildFile section */
		419BF27A2C5B4ADC00AD7EEB /* main.swift in Sources */ = {isa = PBXBuildFile; fileRef = 419BF2792C5B4ADC00AD7EEB /* main.swift */; };
		419BF2842C5B4BEB00AD7EEB /* ProcessManager.swift in Sources */ = {isa = PBXBuildFile; fileRef = 419BF2832C5B4BEA00AD7EEB /* ProcessManager.swift */; };
		419BF2862C5B4BF500AD7EEB /* Configuration.swift in Sources */ = {isa = PBXBuildFile; fileRef = 419BF2852C5B4BF400AD7EEB /* Configuration.swift */; };
		419BF2882C5B4CC200AD7EEB /* JSONFetcher.swift in Sources */ = {isa = PBXBuildFile; fileRef = 419BF2872C5B4CBD00AD7EEB /* JSONFetcher.swift */; };
/* End PBXBuildFile section */

/* Begin PBXCopyFilesBuildPhase section */
		419BF2742C5B4ADC00AD7EEB /* CopyFiles */ = {
			isa = PBXCopyFilesBuildPhase;
			buildActionMask = 2147483647;
			dstPath = /usr/share/man/man1/;
			dstSubfolderSpec = 0;
			files = (
			);
			runOnlyForDeploymentPostprocessing = 1;
		};
/* End PBXCopyFilesBuildPhase section */

/* Begin PBXFileReference section */
		419148A42C5BB37000AD7EEB /* App Lockdown.entitlements */ = {isa = PBXFileReference; lastKnownFileType = text.plist.entitlements; path = "App Lockdown.entitlements"; sourceTree = "<group>"; };
		419BF2762C5B4ADC00AD7EEB /* App Lockdown */ = {isa = PBXFileReference; explicitFileType = "compiled.mach-o.executable"; includeInIndex = 0; path = "App Lockdown"; sourceTree = BUILT_PRODUCTS_DIR; };
		419BF2792C5B4ADC00AD7EEB /* main.swift */ = {isa = PBXFileReference; lastKnownFileType = sourcecode.swift; path = main.swift; sourceTree = "<group>"; };
		419BF2832C5B4BEA00AD7EEB /* ProcessManager.swift */ = {isa = PBXFileReference; lastKnownFileType = sourcecode.swift; path = ProcessManager.swift; sourceTree = "<group>"; };
		419BF2852C5B4BF400AD7EEB /* Configuration.swift */ = {isa = PBXFileReference; lastKnownFileType = sourcecode.swift; path = Configuration.swift; sourceTree = "<group>"; };
		419BF2872C5B4CBD00AD7EEB /* JSONFetcher.swift */ = {isa = PBXFileReference; lastKnownFileType = sourcecode.swift; path = JSONFetcher.swift; sourceTree = "<group>"; };
/* End PBXFileReference section */

/* Begin PBXFrameworksBuildPhase section */
		419BF2732C5B4ADC00AD7EEB /* Frameworks */ = {
			isa = PBXFrameworksBuildPhase;
			buildActionMask = 2147483647;
			files = (
			);
			runOnlyForDeploymentPostprocessing = 0;
		};
/* End PBXFrameworksBuildPhase section */

/* Begin PBXGroup section */
		419BF26D2C5B4ADC00AD7EEB = {
			isa = PBXGroup;
			children = (
				419BF2782C5B4ADC00AD7EEB /* App Lockdown */,
				419BF2772C5B4ADC00AD7EEB /* Products */,
			);
			sourceTree = "<group>";
		};
		419BF2772C5B4ADC00AD7EEB /* Products */ = {
			isa = PBXGroup;
			children = (
				419BF2762C5B4ADC00AD7EEB /* App Lockdown */,
			);
			name = Products;
			sourceTree = "<group>";
		};
		419BF2782C5B4ADC00AD7EEB /* App Lockdown */ = {
			isa = PBXGroup;
			children = (
				419148A42C5BB37000AD7EEB /* App Lockdown.entitlements */,
				419BF2832C5B4BEA00AD7EEB /* ProcessManager.swift */,
				419BF2872C5B4CBD00AD7EEB /* JSONFetcher.swift */,
				419BF2852C5B4BF400AD7EEB /* Configuration.swift */,
				419BF2792C5B4ADC00AD7EEB /* main.swift */,
			);
			path = "App Lockdown";
			sourceTree = "<group>";
		};
/* End PBXGroup section */

/* Begin PBXNativeTarget section */
		419BF2752C5B4ADC00AD7EEB /* App Lockdown */ = {
			isa = PBXNativeTarget;
			buildConfigurationList = 419BF27D2C5B4ADC00AD7EEB /* Build configuration list for PBXNativeTarget "App Lockdown" */;
			buildPhases = (
				419BF2722C5B4ADC00AD7EEB /* Sources */,
				419BF2732C5B4ADC00AD7EEB /* Frameworks */,
				419BF2742C5B4ADC00AD7EEB /* CopyFiles */,
			);
			buildRules = (
			);
			dependencies = (
			);
			name = "App Lockdown";
			productName = "App Lockdown";
			productReference = 419BF2762C5B4ADC00AD7EEB /* App Lockdown */;
			productType = "com.apple.product-type.tool";
		};
/* End PBXNativeTarget section */

/* Begin PBXProject section */
		419BF26E2C5B4ADC00AD7EEB /* Project object */ = {
			isa = PBXProject;
			attributes = {
				BuildIndependentTargetsInParallel = 1;
				LastSwiftUpdateCheck = 1600;
				LastUpgradeCheck = 1600;
				TargetAttributes = {
					419BF2752C5B4ADC00AD7EEB = {
						CreatedOnToolsVersion = 16.0;
					};
				};
			};
			buildConfigurationList = 419BF2712C5B4ADC00AD7EEB /* Build configuration list for PBXProject "App Lockdown" */;
			compatibilityVersion = "Xcode 15.0";
			developmentRegion = en;
			hasScannedForEncodings = 0;
			knownRegions = (
				en,
				Base,
			);
			mainGroup = 419BF26D2C5B4ADC00AD7EEB;
			productRefGroup = 419BF2772C5B4ADC00AD7EEB /* Products */;
			projectDirPath = "";
			projectRoot = "";
			targets = (
				419BF2752C5B4ADC00AD7EEB /* App Lockdown */,
			);
		};
/* End PBXProject section */

/* Begin PBXSourcesBuildPhase section */
		419BF2722C5B4ADC00AD7EEB /* Sources */ = {
			isa = PBXSourcesBuildPhase;
			buildActionMask = 2147483647;
			files = (
				419BF2862C5B4BF500AD7EEB /* Configuration.swift in Sources */,
				419BF27A2C5B4ADC00AD7EEB /* main.swift in Sources */,
				419BF2842C5B4BEB00AD7EEB /* ProcessManager.swift in Sources */,
				419BF2882C5B4CC200AD7EEB /* JSONFetcher.swift in Sources */,
			);
			runOnlyForDeploymentPostprocessing = 0;
		};
/* End PBXSourcesBuildPhase section */

/* Begin XCBuildConfiguration section */
		419BF27B2C5B4ADC00AD7EEB /* Debug */ = {
			isa = XCBuildConfiguration;
			buildSettings = {
				ALWAYS_SEARCH_USER_PATHS = NO;
				ASSETCATALOG_COMPILER_GENERATE_SWIFT_ASSET_SYMBOL_EXTENSIONS = YES;
				CLANG_ANALYZER_NONNULL = YES;
				CLANG_ANALYZER_NUMBER_OBJECT_CONVERSION = YES_AGGRESSIVE;
				CLANG_CXX_LANGUAGE_STANDARD = "gnu++20";
				CLANG_ENABLE_MODULES = YES;
				CLANG_ENABLE_OBJC_ARC = YES;
				CLANG_ENABLE_OBJC_WEAK = YES;
				CLANG_WARN_BLOCK_CAPTURE_AUTORELEASING = YES;
				CLANG_WARN_BOOL_CONVERSION = YES;
				CLANG_WARN_COMMA = YES;
				CLANG_WARN_CONSTANT_CONVERSION = YES;
				CLANG_WARN_DEPRECATED_OBJC_IMPLEMENTATIONS = YES;
				CLANG_WARN_DIRECT_OBJC_ISA_USAGE = YES_ERROR;
				CLANG_WARN_DOCUMENTATION_COMMENTS = YES;
				CLANG_WARN_EMPTY_BODY = YES;
				CLANG_WARN_ENUM_CONVERSION = YES;
				CLANG_WARN_INFINITE_RECURSION = YES;
				CLANG_WARN_INT_CONVERSION = YES;
				CLANG_WARN_NON_LITERAL_NULL_CONVERSION = YES;
				CLANG_WARN_OBJC_IMPLICIT_RETAIN_SELF = YES;
				CLANG_WARN_OBJC_LITERAL_CONVERSION = YES;
				CLANG_WARN_OBJC_ROOT_CLASS = YES_ERROR;
				CLANG_WARN_QUOTED_INCLUDE_IN_FRAMEWORK_HEADER = YES;
				CLANG_WARN_RANGE_LOOP_ANALYSIS = YES;
				CLANG_WARN_STRICT_PROTOTYPES = YES;
				CLANG_WARN_SUSPICIOUS_MOVE = YES;
				CLANG_WARN_UNGUARDED_AVAILABILITY = YES_AGGRESSIVE;
				CLANG_WARN_UNREACHABLE_CODE = YES;
				CLANG_WARN__DUPLICATE_METHOD_MATCH = YES;
				COPY_PHASE_STRIP = NO;
				DEBUG_INFORMATION_FORMAT = dwarf;
				ENABLE_STRICT_OBJC_MSGSEND = YES;
				ENABLE_TESTABILITY = YES;
				ENABLE_USER_SCRIPT_SANDBOXING = YES;
				GCC_C_LANGUAGE_STANDARD = gnu17;
				GCC_DYNAMIC_NO_PIC = NO;
				GCC_NO_COMMON_BLOCKS = YES;
				GCC_OPTIMIZATION_LEVEL = 0;
				GCC_PREPROCESSOR_DEFINITIONS = (
					"DEBUG=1",
					"$(inherited)",
				);
				GCC_WARN_64_TO_32_BIT_CONVERSION = YES;
				GCC_WARN_ABOUT_RETURN_TYPE = YES_ERROR;
				GCC_WARN_UNDECLARED_SELECTOR = YES;
				GCC_WARN_UNINITIALIZED_AUTOS = YES_AGGRESSIVE;
				GCC_WARN_UNUSED_FUNCTION = YES;
				GCC_WARN_UNUSED_VARIABLE = YES;
				LOCALIZATION_PREFERS_STRING_CATALOGS = YES;
				MACOSX_DEPLOYMENT_TARGET = 15.0;
				MTL_ENABLE_DEBUG_INFO = INCLUDE_SOURCE;
				MTL_FAST_MATH = YES;
				ONLY_ACTIVE_ARCH = YES;
				SDKROOT = macosx;
				SWIFT_ACTIVE_COMPILATION_CONDITIONS = "DEBUG $(inherited)";
				SWIFT_OPTIMIZATION_LEVEL = "-Onone";
			};
			name = Debug;
		};
		419BF27C2C5B4ADC00AD7EEB /* Release */ = {
			isa = XCBuildConfiguration;
			buildSettings = {
				ALWAYS_SEARCH_USER_PATHS = NO;
				ASSETCATALOG_COMPILER_GENERATE_SWIFT_ASSET_SYMBOL_EXTENSIONS = YES;
				CLANG_ANALYZER_NONNULL = YES;
				CLANG_ANALYZER_NUMBER_OBJECT_CONVERSION = YES_AGGRESSIVE;
				CLANG_CXX_LANGUAGE_STANDARD = "gnu++20";
				CLANG_ENABLE_MODULES = YES;
				CLANG_ENABLE_OBJC_ARC = YES;
				CLANG_ENABLE_OBJC_WEAK = YES;
				CLANG_WARN_BLOCK_CAPTURE_AUTORELEASING = YES;
				CLANG_WARN_BOOL_CONVERSION = YES;
				CLANG_WARN_COMMA = YES;
				CLANG_WARN_CONSTANT_CONVERSION = YES;
				CLANG_WARN_DEPRECATED_OBJC_IMPLEMENTATIONS = YES;
				CLANG_WARN_DIRECT_OBJC_ISA_USAGE = YES_ERROR;
				CLANG_WARN_DOCUMENTATION_COMMENTS = YES;
				CLANG_WARN_EMPTY_BODY = YES;
				CLANG_WARN_ENUM_CONVERSION = YES;
				CLANG_WARN_INFINITE_RECURSION = YES;
				CLANG_WARN_INT_CONVERSION = YES;
				CLANG_WARN_NON_LITERAL_NULL_CONVERSION = YES;
				CLANG_WARN_OBJC_IMPLICIT_RETAIN_SELF = YES;
				CLANG_WARN_OBJC_LITERAL_CONVERSION = YES;
				CLANG_WARN_OBJC_ROOT_CLASS = YES_ERROR;
				CLANG_WARN_QUOTED_INCLUDE_IN_FRAMEWORK_HEADER = YES;
				CLANG_WARN_RANGE_LOOP_ANALYSIS = YES;
				CLANG_WARN_STRICT_PROTOTYPES = YES;
				CLANG_WARN_SUSPICIOUS_MOVE = YES;
				CLANG_WARN_UNGUARDED_AVAILABILITY = YES_AGGRESSIVE;
				CLANG_WARN_UNREACHABLE_CODE = YES;
				CLANG_WARN__DUPLICATE_METHOD_MATCH = YES;
				COPY_PHASE_STRIP = NO;
				DEBUG_INFORMATION_FORMAT = "dwarf-with-dsym";
				ENABLE_NS_ASSERTIONS = NO;
				ENABLE_STRICT_OBJC_MSGSEND = YES;
				ENABLE_USER_SCRIPT_SANDBOXING = YES;
				GCC_C_LANGUAGE_STANDARD = gnu17;
				GCC_NO_COMMON_BLOCKS = YES;
				GCC_WARN_64_TO_32_BIT_CONVERSION = YES;
				GCC_WARN_ABOUT_RETURN_TYPE = YES_ERROR;
				GCC_WARN_UNDECLARED_SELECTOR = YES;
				GCC_WARN_UNINITIALIZED_AUTOS = YES_AGGRESSIVE;
				GCC_WARN_UNUSED_FUNCTION = YES;
				GCC_WARN_UNUSED_VARIABLE = YES;
				LOCALIZATION_PREFERS_STRING_CATALOGS = YES;
				MACOSX_DEPLOYMENT_TARGET = 15.0;
				MTL_ENABLE_DEBUG_INFO = NO;
				MTL_FAST_MATH = YES;
				SDKROOT = macosx;
				SWIFT_COMPILATION_MODE = wholemodule;
			};
			name = Release;
		};
		419BF27E2C5B4ADC00AD7EEB /* Debug */ = {
			isa = XCBuildConfiguration;
			buildSettings = {
				CODE_SIGN_ENTITLEMENTS = "App Lockdown/App LockdownDebug.entitlements";
				CODE_SIGN_STYLE = Automatic;
				DEVELOPMENT_TEAM = SMLKBTR495;
				ENABLE_HARDENED_RUNTIME = YES;
				PRODUCT_BUNDLE_IDENTIFIER = "au.edu.vic.woodleigh.app-lockdown";
				PRODUCT_NAME = "$(TARGET_NAME)";
				SWIFT_VERSION = 5.0;
			};
			name = Debug;
		};
		419BF27F2C5B4ADC00AD7EEB /* Release */ = {
			isa = XCBuildConfiguration;
			buildSettings = {
				CODE_SIGN_ENTITLEMENTS = "App Lockdown/App Lockdown.entitlements";
				CODE_SIGN_STYLE = Automatic;
				DEVELOPMENT_TEAM = SMLKBTR495;
				ENABLE_HARDENED_RUNTIME = YES;
				PRODUCT_BUNDLE_IDENTIFIER = "au.edu.vic.woodleigh.app-lockdown";
				PRODUCT_NAME = "$(TARGET_NAME)";
				SWIFT_VERSION = 5.0;
			};
			name = Release;
		};
/* End XCBuildConfiguration section */

/* Begin XCConfigurationList section */
		419BF2712C5B4ADC00AD7EEB /* Build configuration list for PBXProject "App Lockdown" */ = {
			isa = XCConfigurationList;
			buildConfigurations = (
				419BF27B2C5B4ADC00AD7EEB /* Debug */,
				419BF27C2C5B4ADC00AD7EEB /* Release */,
			);
			defaultConfigurationIsVisible = 0;
			defaultConfigurationName = Release;
		};
		419BF27D2C5B4ADC00AD7EEB /* Build configuration list for PBXNativeTarget "App Lockdown" */ = {
			isa = XCConfigurationList;
			buildConfigurations = (
				419BF27E2C5B4ADC00AD7EEB /* Debug */,
				419BF27F2C5B4ADC00AD7EEB /* Release */,
			);
			defaultConfigurationIsVisible = 0;
			defaultConfigurationName = Release;
		};
/* End XCConfigurationList section */
	};
	rootObject = 419BF26E2C5B4ADC00AD7EEB /* Project object */;
}
